
Microsoft Visual Studio Solution File, Format Version 12.00
# Visual Studio Version 17
VisualStudioVersion = 17.12.35707.178
MinimumVisualStudioVersion = 10.0.40219.1
Project("{FAE04EC0-301F-11D3-BF4B-00C04F79EFBC}") = "ImageUseVectors.App", "ImageUseVectors.App\ImageUseVectors.App.csproj", "{FAB11388-8E40-4A06-9059-B475EBC0576E}"
EndProject
Project("{FAE04EC0-301F-11D3-BF4B-00C04F79EFBC}") = "ImageUseVectors.App.Android", "ImageUseVectors.App.Android\ImageUseVectors.App.Android.csproj", "{C277B28C-3A65-4206-B0AD-7803E7B7A0FD}"
EndProject
Project("{FAE04EC0-301F-11D3-BF4B-00C04F79EFBC}") = "ImageUseVectors.App.Browser", "ImageUseVectors.App.Browser\ImageUseVectors.App.Browser.csproj", "{9BDB2FD2-FE89-4E30-8811-7A6752FB5849}"
EndProject
Project("{FAE04EC0-301F-11D3-BF4B-00C04F79EFBC}") = "ImageUseVectors.App.Desktop", "ImageUseVectors.App.Desktop\ImageUseVectors.App.Desktop.csproj", "{90244509-422F-4E66-BBD1-FCC886FAC706}"
EndProject
Project("{FAE04EC0-301F-11D3-BF4B-00C04F79EFBC}") = "ImageUseVectors.App.iOS", "ImageUseVectors.App.iOS\ImageUseVectors.App.iOS.csproj", "{9555AC8B-CC9A-47F3-8D5F-50CC0D3596BA}"
EndProject
Project("{D954291E-2A0B-460D-934E-DC6B0785DB48}") = "ImageUseVectors.Inc", "ImageUseVectors.Inc\ImageUseVectors.Inc.shproj", "{5A2B4D24-D345-47A4-AE80-B54D2803C1B7}"
EndProject
Project("{D954291E-2A0B-460D-934E-DC6B0785DB48}") = "ImageUseVectors.Ui.Inc", "ImageUseVectors.Ui.Inc\ImageUseVectors.Ui.Inc.shproj", "{BC7B250B-608C-4D34-93BC-AFA160B1719A}"
EndProject
Project("{2150E333-8FDC-42A3-9474-1A3956D46DE8}") = "Solution Items", "Solution Items", "{97F0D10D-032C-47DD-9B8A-40BE7676B0B1}"
	ProjectSection(SolutionItems) = preProject
		Directory.Build.props = Directory.Build.props
	EndProjectSection
EndProject
Project("{FAE04EC0-301F-11D3-BF4B-00C04F79EFBC}") = "ImageUseVectors.Forms", "ImageUseVectors.Forms\ImageUseVectors.Forms.csproj", "{AD41E3B9-4C2E-4BD8-A3F1-EABF05E1578A}"
EndProject
Global
	GlobalSection(SolutionConfigurationPlatforms) = preSolution
		Debug|Any CPU = Debug|Any CPU
		Release|Any CPU = Release|Any CPU
	EndGlobalSection
	GlobalSection(ProjectConfigurationPlatforms) = postSolution
		{FAB11388-8E40-4A06-9059-B475EBC0576E}.Debug|Any CPU.ActiveCfg = Debug|Any CPU
		{FAB11388-8E40-4A06-9059-B475EBC0576E}.Debug|Any CPU.Build.0 = Debug|Any CPU
		{FAB11388-8E40-4A06-9059-B475EBC0576E}.Release|Any CPU.ActiveCfg = Release|Any CPU
		{FAB11388-8E40-4A06-9059-B475EBC0576E}.Release|Any CPU.Build.0 = Release|Any CPU
		{C277B28C-3A65-4206-B0AD-7803E7B7A0FD}.Debug|Any CPU.ActiveCfg = Debug|Any CPU
		{C277B28C-3A65-4206-B0AD-7803E7B7A0FD}.Debug|Any CPU.Build.0 = Debug|Any CPU
		{C277B28C-3A65-4206-B0AD-7803E7B7A0FD}.Debug|Any CPU.Deploy.0 = Debug|Any CPU
		{C277B28C-3A65-4206-B0AD-7803E7B7A0FD}.Release|Any CPU.ActiveCfg = Release|Any CPU
		{C277B28C-3A65-4206-B0AD-7803E7B7A0FD}.Release|Any CPU.Build.0 = Release|Any CPU
		{C277B28C-3A65-4206-B0AD-7803E7B7A0FD}.Release|Any CPU.Deploy.0 = Release|Any CPU
		{9BDB2FD2-FE89-4E30-8811-7A6752FB5849}.Debug|Any CPU.ActiveCfg = Debug|Any CPU
		{9BDB2FD2-FE89-4E30-8811-7A6752FB5849}.Debug|Any CPU.Build.0 = Debug|Any CPU
		{9BDB2FD2-FE89-4E30-8811-7A6752FB5849}.Release|Any CPU.ActiveCfg = Release|Any CPU
		{9BDB2FD2-FE89-4E30-8811-7A6752FB5849}.Release|Any CPU.Build.0 = Release|Any CPU
		{90244509-422F-4E66-BBD1-FCC886FAC706}.Debug|Any CPU.ActiveCfg = Debug|Any CPU
		{90244509-422F-4E66-BBD1-FCC886FAC706}.Debug|Any CPU.Build.0 = Debug|Any CPU
		{90244509-422F-4E66-BBD1-FCC886FAC706}.Release|Any CPU.ActiveCfg = Release|Any CPU
		{90244509-422F-4E66-BBD1-FCC886FAC706}.Release|Any CPU.Build.0 = Release|Any CPU
		{9555AC8B-CC9A-47F3-8D5F-50CC0D3596BA}.Debug|Any CPU.ActiveCfg = Debug|Any CPU
		{9555AC8B-CC9A-47F3-8D5F-50CC0D3596BA}.Debug|Any CPU.Build.0 = Debug|Any CPU
		{9555AC8B-CC9A-47F3-8D5F-50CC0D3596BA}.Debug|Any CPU.Deploy.0 = Debug|Any CPU
		{9555AC8B-CC9A-47F3-8D5F-50CC0D3596BA}.Release|Any CPU.ActiveCfg = Release|Any CPU
		{9555AC8B-CC9A-47F3-8D5F-50CC0D3596BA}.Release|Any CPU.Build.0 = Release|Any CPU
		{9555AC8B-CC9A-47F3-8D5F-50CC0D3596BA}.Release|Any CPU.Deploy.0 = Release|Any CPU
		{AD41E3B9-4C2E-4BD8-A3F1-EABF05E1578A}.Debug|Any CPU.ActiveCfg = Debug|Any CPU
		{AD41E3B9-4C2E-4BD8-A3F1-EABF05E1578A}.Debug|Any CPU.Build.0 = Debug|Any CPU
		{AD41E3B9-4C2E-4BD8-A3F1-EABF05E1578A}.Release|Any CPU.ActiveCfg = Release|Any CPU
		{AD41E3B9-4C2E-4BD8-A3F1-EABF05E1578A}.Release|Any CPU.Build.0 = Release|Any CPU
	EndGlobalSection
	GlobalSection(SolutionProperties) = preSolution
		HideSolutionNode = FALSE
	EndGlobalSection
	GlobalSection(SharedMSBuildProjectFiles) = preSolution
		ImageUseVectors.Inc\ImageUseVectors.Inc.projitems*{5a2b4d24-d345-47a4-ae80-b54d2803c1b7}*SharedItemsImports = 13
		ImageUseVectors.Inc\ImageUseVectors.Inc.projitems*{ad41e3b9-4c2e-4bd8-a3f1-eabf05e1578a}*SharedItemsImports = 4
		ImageUseVectors.Ui.Inc\ImageUseVectors.Ui.Inc.projitems*{ad41e3b9-4c2e-4bd8-a3f1-eabf05e1578a}*SharedItemsImports = 4
		ImageUseVectors.Ui.Inc\ImageUseVectors.Ui.Inc.projitems*{bc7b250b-608c-4d34-93bc-afa160b1719a}*SharedItemsImports = 13
		ImageUseVectors.Inc\ImageUseVectors.Inc.projitems*{fab11388-8e40-4a06-9059-b475ebc0576e}*SharedItemsImports = 5
		ImageUseVectors.Ui.Inc\ImageUseVectors.Ui.Inc.projitems*{fab11388-8e40-4a06-9059-b475ebc0576e}*SharedItemsImports = 5
	EndGlobalSection
EndGlobal
